// !$*UTF8*$!
{
	archiveVersion = 1;
	classes = {
	};
	objectVersion = 77;
	objects = {

/* Begin PBXBuildFile section */
		4BC116EF2DE95FEF004EFD60 /* FeatureAModels in Frameworks */ = {isa = PBXBuildFile; productRef = 4BC116D82DE9552B004EFD60 /* FeatureAModels */; };
		4BC116F02DE95FEF004EFD60 /* FeatureAServices in Frameworks */ = {isa = PBXBuildFile; productRef = 4BC116DE2DE95D73004EFD60 /* FeatureAServices */; };
		4BC116F12DE95FEF004EFD60 /* FeatureAUI in Frameworks */ = {isa = PBXBuildFile; productRef = 4BC116E02DE95D73004EFD60 /* FeatureAUI */; };
		4BC116FC2DE96D74004EFD60 /* FeatureBModels in Frameworks */ = {isa = PBXBuildFile; productRef = 4BC116FB2DE96D74004EFD60 /* FeatureBModels */; };
		4BC116FE2DE96D74004EFD60 /* FeatureBServices in Frameworks */ = {isa = PBXBuildFile; productRef = 4BC116FD2DE96D74004EFD60 /* FeatureBServices */; };
		4BC117002DE96D74004EFD60 /* FeatureBUI in Frameworks */ = {isa = PBXBuildFile; productRef = 4BC116FF2DE96D74004EFD60 /* FeatureBUI */; };
		4BC1170F2DE97B2C004EFD60 /* FeatureCServices in Frameworks */ = {isa = PBXBuildFile; productRef = 4BC1170E2DE97B2C004EFD60 /* FeatureCServices */; };
/* End PBXBuildFile section */

/* Begin PBXFileReference section */
		4BBE2E662DE8FFC3007C54D7 /* LearningPlatform.app */ = {isa = PBXFileReference; explicitFileType = wrapper.application; includeInIndex = 0; path = LearningPlatform.app; sourceTree = BUILT_PRODUCTS_DIR; };
		4BBE2ED52DE90BC6007C54D7 /* FeatureA */ = {isa = PBXFileReference; lastKnownFileType = wrapper; name = FeatureA; path = Features/FeatureA; sourceTree = "<group>"; };
		4BC116D02DE91BE6004EFD60 /* FeatureB */ = {isa = PBXFileReference; lastKnownFileType = wrapper; name = FeatureB; path = Features/FeatureB; sourceTree = "<group>"; };
		4BC1170A2DE97A94004EFD60 /* FeatureC */ = {isa = PBXFileReference; lastKnownFileType = wrapper; name = FeatureC; path = Features/FeatureC; sourceTree = "<group>"; };
/* End PBXFileReference section */

/* Begin PBXFileSystemSynchronizedRootGroup section */
		4BBE2E682DE8FFC3007C54D7 /* LearningPlatform */ = {
			isa = PBXFileSystemSynchronizedRootGroup;
			path = LearningPlatform;
			sourceTree = "<group>";
		};
/* End PBXFileSystemSynchronizedRootGroup section */

/* Begin PBXFrameworksBuildPhase section */
		4BBE2E632DE8FFC3007C54D7 /* Frameworks */ = {
			isa = PBXFrameworksBuildPhase;
			buildActionMask = 2147483647;
			files = (
				4BC116FC2DE96D74004EFD60 /* FeatureBModels in Frameworks */,
				4BC116F12DE95FEF004EFD60 /* FeatureAUI in Frameworks */,
				4BC116F02DE95FEF004EFD60 /* FeatureAServices in Frameworks */,
				4BC1170F2DE97B2C004EFD60 /* FeatureCServices in Frameworks */,
				4BC116FE2DE96D74004EFD60 /* FeatureBServices in Frameworks */,
				4BC117002DE96D74004EFD60 /* FeatureBUI in Frameworks */,
				4BC116EF2DE95FEF004EFD60 /* FeatureAModels in Frameworks */,
			);
			runOnlyForDeploymentPostprocessing = 0;
		};
/* End PBXFrameworksBuildPhase section */

/* Begin PBXGroup section */
		4BBE2E5D2DE8FFC3007C54D7 = {
			isa = PBXGroup;
			children = (
				4BBE2ED52DE90BC6007C54D7 /* FeatureA */,
				4BC116D02DE91BE6004EFD60 /* FeatureB */,
				4BC1170A2DE97A94004EFD60 /* FeatureC */,
				4BBE2E682DE8FFC3007C54D7 /* LearningPlatform */,
				4BC116CD2DE91AE6004EFD60 /* Frameworks */,
				4BBE2E672DE8FFC3007C54D7 /* Products */,
			);
			sourceTree = "<group>";
		};
		4BBE2E672DE8FFC3007C54D7 /* Products */ = {
			isa = PBXGroup;
			children = (
				4BBE2E662DE8FFC3007C54D7 /* LearningPlatform.app */,
			);
			name = Products;
			sourceTree = "<group>";
		};
		4BC116CD2DE91AE6004EFD60 /* Frameworks */ = {
			isa = PBXGroup;
			children = (
			);
			name = Frameworks;
			sourceTree = "<group>";
		};
/* End PBXGroup section */

/* Begin PBXNativeTarget section */
		4BBE2E652DE8FFC3007C54D7 /* LearningPlatform */ = {
			isa = PBXNativeTarget;
			buildConfigurationList = 4BBE2E742DE8FFC7007C54D7 /* Build configuration list for PBXNativeTarget "LearningPlatform" */;
			buildPhases = (
				4BBE2E622DE8FFC3007C54D7 /* Sources */,
				4BBE2E632DE8FFC3007C54D7 /* Frameworks */,
				4BBE2E642DE8FFC3007C54D7 /* Resources */,
			);
			buildRules = (
			);
			dependencies = (
			);
			fileSystemSynchronizedGroups = (
				4BBE2E682DE8FFC3007C54D7 /* LearningPlatform */,
			);
			name = LearningPlatform;
			packageProductDependencies = (
				4BC116D82DE9552B004EFD60 /* FeatureAModels */,
				4BC116DE2DE95D73004EFD60 /* FeatureAServices */,
				4BC116E02DE95D73004EFD60 /* FeatureAUI */,
				4BC116FB2DE96D74004EFD60 /* FeatureBModels */,
				4BC116FD2DE96D74004EFD60 /* FeatureBServices */,
				4BC116FF2DE96D74004EFD60 /* FeatureBUI */,
				4BC1170E2DE97B2C004EFD60 /* FeatureCServices */,
			);
			productName = LearningPlatform;
			productReference = 4BBE2E662DE8FFC3007C54D7 /* LearningPlatform.app */;
			productType = "com.apple.product-type.application";
		};
/* End PBXNativeTarget section */

/* Begin PBXProject section */
		4BBE2E5E2DE8FFC3007C54D7 /* Project object */ = {
			isa = PBXProject;
			attributes = {
				BuildIndependentTargetsInParallel = 1;
				LastSwiftUpdateCheck = 1600;
				LastUpgradeCheck = 1600;
				TargetAttributes = {
					4BBE2E652DE8FFC3007C54D7 = {
						CreatedOnToolsVersion = 16.0;
					};
				};
			};
			buildConfigurationList = 4BBE2E612DE8FFC3007C54D7 /* Build configuration list for PBXProject "LearningPlatform" */;
			developmentRegion = en;
			hasScannedForEncodings = 0;
			knownRegions = (
				en,
				Base,
			);
			mainGroup = 4BBE2E5D2DE8FFC3007C54D7;
			minimizedProjectReferenceProxies = 1;
			packageReferences = (
				4BBE2ED62DE90BF6007C54D7 /* XCLocalSwiftPackageReference "Features/FeatureA" */,
				4BC116D12DE91BF9004EFD60 /* XCLocalSwiftPackageReference "Features/FeatureB" */,
				4BC1170B2DE97AA0004EFD60 /* XCLocalSwiftPackageReference "Features/FeatureC" */,
			);
			preferredProjectObjectVersion = 77;
			productRefGroup = 4BBE2E672DE8FFC3007C54D7 /* Products */;
			projectDirPath = "";
			projectRoot = "";
			targets = (
				4BBE2E652DE8FFC3007C54D7 /* LearningPlatform */,
			);
		};
/* End PBXProject section */

/* Begin PBXResourcesBuildPhase section */
		4BBE2E642DE8FFC3007C54D7 /* Resources */ = {
			isa = PBXResourcesBuildPhase;
			buildActionMask = 2147483647;
			files = (
			);
			runOnlyForDeploymentPostprocessing = 0;
		};
/* End PBXResourcesBuildPhase section */

/* Begin PBXSourcesBuildPhase section */
		4BBE2E622DE8FFC3007C54D7 /* Sources */ = {
			isa = PBXSourcesBuildPhase;
			buildActionMask = 2147483647;
			files = (
			);
			runOnlyForDeploymentPostprocessing = 0;
		};
/* End PBXSourcesBuildPhase section */

/* Begin XCBuildConfiguration section */
		4BBE2E722DE8FFC7007C54D7 /* Debug */ = {
			isa = XCBuildConfiguration;
			buildSettings = {
				ALWAYS_SEARCH_USER_PATHS = NO;
				ASSETCATALOG_COMPILER_GENERATE_SWIFT_ASSET_SYMBOL_EXTENSIONS = YES;
				CLANG_ANALYZER_NONNULL = YES;
				CLANG_ANALYZER_NUMBER_OBJECT_CONVERSION = YES_AGGRESSIVE;
				CLANG_CXX_LANGUAGE_STANDARD = "gnu++20";
				CLANG_ENABLE_MODULES = YES;
				CLANG_ENABLE_OBJC_ARC = YES;
				CLANG_ENABLE_OBJC_WEAK = YES;
				CLANG_WARN_BLOCK_CAPTURE_AUTORELEASING = YES;
				CLANG_WARN_BOOL_CONVERSION = YES;
				CLANG_WARN_COMMA = YES;
				CLANG_WARN_CONSTANT_CONVERSION = YES;
				CLANG_WARN_DEPRECATED_OBJC_IMPLEMENTATIONS = YES;
				CLANG_WARN_DIRECT_OBJC_ISA_USAGE = YES_ERROR;
				CLANG_WARN_DOCUMENTATION_COMMENTS = YES;
				CLANG_WARN_EMPTY_BODY = YES;
				CLANG_WARN_ENUM_CONVERSION = YES;
				CLANG_WARN_INFINITE_RECURSION = YES;
				CLANG_WARN_INT_CONVERSION = YES;
				CLANG_WARN_NON_LITERAL_NULL_CONVERSION = YES;
				CLANG_WARN_OBJC_IMPLICIT_RETAIN_SELF = YES;
				CLANG_WARN_OBJC_LITERAL_CONVERSION = YES;
				CLANG_WARN_OBJC_ROOT_CLASS = YES_ERROR;
				CLANG_WARN_QUOTED_INCLUDE_IN_FRAMEWORK_HEADER = YES;
				CLANG_WARN_RANGE_LOOP_ANALYSIS = YES;
				CLANG_WARN_STRICT_PROTOTYPES = YES;
				CLANG_WARN_SUSPICIOUS_MOVE = YES;
				CLANG_WARN_UNGUARDED_AVAILABILITY = YES_AGGRESSIVE;
				CLANG_WARN_UNREACHABLE_CODE = YES;
				CLANG_WARN__DUPLICATE_METHOD_MATCH = YES;
				COPY_PHASE_STRIP = NO;
				DEBUG_INFORMATION_FORMAT = dwarf;
				ENABLE_STRICT_OBJC_MSGSEND = YES;
				ENABLE_TESTABILITY = YES;
				ENABLE_USER_SCRIPT_SANDBOXING = YES;
				GCC_C_LANGUAGE_STANDARD = gnu17;
				GCC_DYNAMIC_NO_PIC = NO;
				GCC_NO_COMMON_BLOCKS = YES;
				GCC_OPTIMIZATION_LEVEL = 0;
				GCC_PREPROCESSOR_DEFINITIONS = (
					"DEBUG=1",
					"$(inherited)",
				);
				GCC_WARN_64_TO_32_BIT_CONVERSION = YES;
				GCC_WARN_ABOUT_RETURN_TYPE = YES_ERROR;
				GCC_WARN_UNDECLARED_SELECTOR = YES;
				GCC_WARN_UNINITIALIZED_AUTOS = YES_AGGRESSIVE;
				GCC_WARN_UNUSED_FUNCTION = YES;
				GCC_WARN_UNUSED_VARIABLE = YES;
				IPHONEOS_DEPLOYMENT_TARGET = 18.0;
				LOCALIZATION_PREFERS_STRING_CATALOGS = YES;
				MTL_ENABLE_DEBUG_INFO = INCLUDE_SOURCE;
				MTL_FAST_MATH = YES;
				ONLY_ACTIVE_ARCH = YES;
				SDKROOT = iphoneos;
				SWIFT_ACTIVE_COMPILATION_CONDITIONS = "DEBUG $(inherited)";
				SWIFT_OPTIMIZATION_LEVEL = "-Onone";
			};
			name = Debug;
		};
		4BBE2E732DE8FFC7007C54D7 /* Release */ = {
			isa = XCBuildConfiguration;
			buildSettings = {
				ALWAYS_SEARCH_USER_PATHS = NO;
				ASSETCATALOG_COMPILER_GENERATE_SWIFT_ASSET_SYMBOL_EXTENSIONS = YES;
				CLANG_ANALYZER_NONNULL = YES;
				CLANG_ANALYZER_NUMBER_OBJECT_CONVERSION = YES_AGGRESSIVE;
				CLANG_CXX_LANGUAGE_STANDARD = "gnu++20";
				CLANG_ENABLE_MODULES = YES;
				CLANG_ENABLE_OBJC_ARC = YES;
				CLANG_ENABLE_OBJC_WEAK = YES;
				CLANG_WARN_BLOCK_CAPTURE_AUTORELEASING = YES;
				CLANG_WARN_BOOL_CONVERSION = YES;
				CLANG_WARN_COMMA = YES;
				CLANG_WARN_CONSTANT_CONVERSION = YES;
				CLANG_WARN_DEPRECATED_OBJC_IMPLEMENTATIONS = YES;
				CLANG_WARN_DIRECT_OBJC_ISA_USAGE = YES_ERROR;
				CLANG_WARN_DOCUMENTATION_COMMENTS = YES;
				CLANG_WARN_EMPTY_BODY = YES;
				CLANG_WARN_ENUM_CONVERSION = YES;
				CLANG_WARN_INFINITE_RECURSION = YES;
				CLANG_WARN_INT_CONVERSION = YES;
				CLANG_WARN_NON_LITERAL_NULL_CONVERSION = YES;
				CLANG_WARN_OBJC_IMPLICIT_RETAIN_SELF = YES;
				CLANG_WARN_OBJC_LITERAL_CONVERSION = YES;
				CLANG_WARN_OBJC_ROOT_CLASS = YES_ERROR;
				CLANG_WARN_QUOTED_INCLUDE_IN_FRAMEWORK_HEADER = YES;
				CLANG_WARN_RANGE_LOOP_ANALYSIS = YES;
				CLANG_WARN_STRICT_PROTOTYPES = YES;
				CLANG_WARN_SUSPICIOUS_MOVE = YES;
				CLANG_WARN_UNGUARDED_AVAILABILITY = YES_AGGRESSIVE;
				CLANG_WARN_UNREACHABLE_CODE = YES;
				CLANG_WARN__DUPLICATE_METHOD_MATCH = YES;
				COPY_PHASE_STRIP = NO;
				DEBUG_INFORMATION_FORMAT = "dwarf-with-dsym";
				ENABLE_NS_ASSERTIONS = NO;
				ENABLE_STRICT_OBJC_MSGSEND = YES;
				ENABLE_USER_SCRIPT_SANDBOXING = YES;
				GCC_C_LANGUAGE_STANDARD = gnu17;
				GCC_NO_COMMON_BLOCKS = YES;
				GCC_WARN_64_TO_32_BIT_CONVERSION = YES;
				GCC_WARN_ABOUT_RETURN_TYPE = YES_ERROR;
				GCC_WARN_UNDECLARED_SELECTOR = YES;
				GCC_WARN_UNINITIALIZED_AUTOS = YES_AGGRESSIVE;
				GCC_WARN_UNUSED_FUNCTION = YES;
				GCC_WARN_UNUSED_VARIABLE = YES;
				IPHONEOS_DEPLOYMENT_TARGET = 18.0;
				LOCALIZATION_PREFERS_STRING_CATALOGS = YES;
				MTL_ENABLE_DEBUG_INFO = NO;
				MTL_FAST_MATH = YES;
				SDKROOT = iphoneos;
				SWIFT_COMPILATION_MODE = wholemodule;
				VALIDATE_PRODUCT = YES;
			};
			name = Release;
		};
		4BBE2E752DE8FFC7007C54D7 /* Debug */ = {
			isa = XCBuildConfiguration;
			buildSettings = {
				ASSETCATALOG_COMPILER_APPICON_NAME = AppIcon;
				ASSETCATALOG_COMPILER_GLOBAL_ACCENT_COLOR_NAME = AccentColor;
				CODE_SIGN_STYLE = Automatic;
				CURRENT_PROJECT_VERSION = 1;
				DEVELOPMENT_ASSET_PATHS = "\"LearningPlatform/Preview Content\"";
				DEVELOPMENT_TEAM = 57TRS9285J;
				ENABLE_PREVIEWS = YES;
				GENERATE_INFOPLIST_FILE = YES;
				INFOPLIST_KEY_UIApplicationSceneManifest_Generation = YES;
				INFOPLIST_KEY_UIApplicationSupportsIndirectInputEvents = YES;
				INFOPLIST_KEY_UILaunchScreen_Generation = YES;
				INFOPLIST_KEY_UISupportedInterfaceOrientations_iPad = "UIInterfaceOrientationPortrait UIInterfaceOrientationPortraitUpsideDown UIInterfaceOrientationLandscapeLeft UIInterfaceOrientationLandscapeRight";
				INFOPLIST_KEY_UISupportedInterfaceOrientations_iPhone = "UIInterfaceOrientationPortrait UIInterfaceOrientationLandscapeLeft UIInterfaceOrientationLandscapeRight";
				LD_RUNPATH_SEARCH_PATHS = (
					"$(inherited)",
					"@executable_path/Frameworks",
				);
				MARKETING_VERSION = 1.0;
				PRODUCT_BUNDLE_IDENTIFIER = com.demo.LearningPlatform;
				PRODUCT_NAME = "$(TARGET_NAME)";
				SWIFT_EMIT_LOC_STRINGS = YES;
				SWIFT_VERSION = 5.0;
				TARGETED_DEVICE_FAMILY = "1,2";
			};
			name = Debug;
		};
		4BBE2E762DE8FFC7007C54D7 /* Release */ = {
			isa = XCBuildConfiguration;
			buildSettings = {
				ASSETCATALOG_COMPILER_APPICON_NAME = AppIcon;
				ASSETCATALOG_COMPILER_GLOBAL_ACCENT_COLOR_NAME = AccentColor;
				CODE_SIGN_STYLE = Automatic;
				CURRENT_PROJECT_VERSION = 1;
				DEVELOPMENT_ASSET_PATHS = "\"LearningPlatform/Preview Content\"";
				DEVELOPMENT_TEAM = 57TRS9285J;
				ENABLE_PREVIEWS = YES;
				GENERATE_INFOPLIST_FILE = YES;
				INFOPLIST_KEY_UIApplicationSceneManifest_Generation = YES;
				INFOPLIST_KEY_UIApplicationSupportsIndirectInputEvents = YES;
				INFOPLIST_KEY_UILaunchScreen_Generation = YES;
				INFOPLIST_KEY_UISupportedInterfaceOrientations_iPad = "UIInterfaceOrientationPortrait UIInterfaceOrientationPortraitUpsideDown UIInterfaceOrientationLandscapeLeft UIInterfaceOrientationLandscapeRight";
				INFOPLIST_KEY_UISupportedInterfaceOrientations_iPhone = "UIInterfaceOrientationPortrait UIInterfaceOrientationLandscapeLeft UIInterfaceOrientationLandscapeRight";
				LD_RUNPATH_SEARCH_PATHS = (
					"$(inherited)",
					"@executable_path/Frameworks",
				);
				MARKETING_VERSION = 1.0;
				PRODUCT_BUNDLE_IDENTIFIER = com.demo.LearningPlatform;
				PRODUCT_NAME = "$(TARGET_NAME)";
				SWIFT_EMIT_LOC_STRINGS = YES;
				SWIFT_VERSION = 5.0;
				TARGETED_DEVICE_FAMILY = "1,2";
			};
			name = Release;
		};
/* End XCBuildConfiguration section */

/* Begin XCConfigurationList section */
		4BBE2E612DE8FFC3007C54D7 /* Build configuration list for PBXProject "LearningPlatform" */ = {
			isa = XCConfigurationList;
			buildConfigurations = (
				4BBE2E722DE8FFC7007C54D7 /* Debug */,
				4BBE2E732DE8FFC7007C54D7 /* Release */,
			);
			defaultConfigurationIsVisible = 0;
			defaultConfigurationName = Release;
		};
		4BBE2E742DE8FFC7007C54D7 /* Build configuration list for PBXNativeTarget "LearningPlatform" */ = {
			isa = XCConfigurationList;
			buildConfigurations = (
				4BBE2E752DE8FFC7007C54D7 /* Debug */,
				4BBE2E762DE8FFC7007C54D7 /* Release */,
			);
			defaultConfigurationIsVisible = 0;
			defaultConfigurationName = Release;
		};
/* End XCConfigurationList section */

/* Begin XCLocalSwiftPackageReference section */
		4BBE2ED62DE90BF6007C54D7 /* XCLocalSwiftPackageReference "Features/FeatureA" */ = {
			isa = XCLocalSwiftPackageReference;
			relativePath = Features/FeatureA;
		};
		4BC116D12DE91BF9004EFD60 /* XCLocalSwiftPackageReference "Features/FeatureB" */ = {
			isa = XCLocalSwiftPackageReference;
			relativePath = Features/FeatureB;
		};
		4BC1170B2DE97AA0004EFD60 /* XCLocalSwiftPackageReference "Features/FeatureC" */ = {
			isa = XCLocalSwiftPackageReference;
			relativePath = Features/FeatureC;
		};
/* End XCLocalSwiftPackageReference section */

/* Begin XCSwiftPackageProductDependency section */
		4BC116D82DE9552B004EFD60 /* FeatureAModels */ = {
			isa = XCSwiftPackageProductDependency;
			productName = FeatureAModels;
		};
		4BC116DE2DE95D73004EFD60 /* FeatureAServices */ = {
			isa = XCSwiftPackageProductDependency;
			package = 4BBE2ED62DE90BF6007C54D7 /* XCLocalSwiftPackageReference "Features/FeatureA" */;
			productName = FeatureAServices;
		};
		4BC116E02DE95D73004EFD60 /* FeatureAUI */ = {
			isa = XCSwiftPackageProductDependency;
			package = 4BBE2ED62DE90BF6007C54D7 /* XCLocalSwiftPackageReference "Features/FeatureA" */;
			productName = FeatureAUI;
		};
		4BC116FB2DE96D74004EFD60 /* FeatureBModels */ = {
			isa = XCSwiftPackageProductDependency;
			productName = FeatureBModels;
		};
		4BC116FD2DE96D74004EFD60 /* FeatureBServices */ = {
			isa = XCSwiftPackageProductDependency;
			productName = FeatureBServices;
		};
		4BC116FF2DE96D74004EFD60 /* FeatureBUI */ = {
			isa = XCSwiftPackageProductDependency;
			productName = FeatureBUI;
		};
		4BC1170E2DE97B2C004EFD60 /* FeatureCServices */ = {
			isa = XCSwiftPackageProductDependency;
			productName = FeatureCServices;
		};
/* End XCSwiftPackageProductDependency section */
	};
	rootObject = 4BBE2E5E2DE8FFC3007C54D7 /* Project object */;
}
